
Microsoft Visual Studio Solution File, Format Version 12.00
# Visual Studio Version 16
VisualStudioVersion = 16.0.32002.261
MinimumVisualStudioVersion = 10.0.40219.1
Project("{8BC9CEB8-8B4A-11D0-8D11-00A0C91BC942}") = "OOP", "OOP\OOP.vcxproj", "{7DBA7D76-4771-4752-A0F9-E7ABEDFD8457}"
EndProject
Project("{8BC9CEB8-8B4A-11D0-8D11-00A0C91BC942}") = "DataStructure", "DataStructure1\DataStructure1.vcxproj", "{CE577F21-C7BB-43B7-9536-1785717439BE}"
EndProject
Global
	GlobalSection(SolutionConfigurationPlatforms) = preSolution
		Debug|x64 = Debug|x64
		Debug|x86 = Debug|x86
		Release|x64 = Release|x64
		Release|x86 = Release|x86
	EndGlobalSection
	GlobalSection(ProjectConfigurationPlatforms) = postSolution
		{7DBA7D76-4771-4752-A0F9-E7ABEDFD8457}.Debug|x64.ActiveCfg = Debug|x64
		{7DBA7D76-4771-4752-A0F9-E7ABEDFD8457}.Debug|x64.Build.0 = Debug|x64
		{7DBA7D76-4771-4752-A0F9-E7ABEDFD8457}.Debug|x86.ActiveCfg = Debug|Win32
		{7DBA7D76-4771-4752-A0F9-E7ABEDFD8457}.Debug|x86.Build.0 = Debug|Win32
		{7DBA7D76-4771-4752-A0F9-E7ABEDFD8457}.Release|x64.ActiveCfg = Release|x64
		{7DBA7D76-4771-4752-A0F9-E7ABEDFD8457}.Release|x64.Build.0 = Release|x64
		{7DBA7D76-4771-4752-A0F9-E7ABEDFD8457}.Release|x86.ActiveCfg = Release|Win32
		{7DBA7D76-4771-4752-A0F9-E7ABEDFD8457}.Release|x86.Build.0 = Release|Win32
		{CE577F21-C7BB-43B7-9536-1785717439BE}.Debug|x64.ActiveCfg = Debug|x64
		{CE577F21-C7BB-43B7-9536-1785717439BE}.Debug|x64.Build.0 = Debug|x64
		{CE577F21-C7BB-43B7-9536-1785717439BE}.Debug|x86.ActiveCfg = Debug|Win32
		{CE577F21-C7BB-43B7-9536-1785717439BE}.Debug|x86.Build.0 = Debug|Win32
		{CE577F21-C7BB-43B7-9536-1785717439BE}.Release|x64.ActiveCfg = Release|x64
		{CE577F21-C7BB-43B7-9536-1785717439BE}.Release|x64.Build.0 = Release|x64
		{CE577F21-C7BB-43B7-9536-1785717439BE}.Release|x86.ActiveCfg = Release|Win32
		{CE577F21-C7BB-43B7-9536-1785717439BE}.Release|x86.Build.0 = Release|Win32
	EndGlobalSection
	GlobalSection(SolutionProperties) = preSolution
		HideSolutionNode = FALSE
	EndGlobalSection
	GlobalSection(ExtensibilityGlobals) = postSolution
		SolutionGuid = {9F8D79E3-FBB8-43A1-A976-01270BED32E5}
	EndGlobalSection
EndGlobal
